
Microsoft Visual Studio Solution File, Format Version 12.00
# Visual Studio Version 16
VisualStudioVersion = 16.0.30804.86
MinimumVisualStudioVersion = 10.0.40219.1
Project("{9A19103F-16F7-4668-BE54-9A1E7A4F7556}") = "pruebasConsola", "pruebasConsola.csproj", "{AEC0800D-6F16-4765-B61A-BF10777719E7}"
EndProject
Global
	GlobalSection(SolutionConfigurationPlatforms) = preSolution
		Debug|Any CPU = Debug|Any CPU
		Release|Any CPU = Release|Any CPU
	EndGlobalSection
	GlobalSection(ProjectConfigurationPlatforms) = postSolution
		{AEC0800D-6F16-4765-B61A-BF10777719E7}.Debug|Any CPU.ActiveCfg = Debug|Any CPU
		{AEC0800D-6F16-4765-B61A-BF10777719E7}.Debug|Any CPU.Build.0 = Debug|Any CPU
		{AEC0800D-6F16-4765-B61A-BF10777719E7}.Release|Any CPU.ActiveCfg = Release|Any CPU
		{AEC0800D-6F16-4765-B61A-BF10777719E7}.Release|Any CPU.Build.0 = Release|Any CPU
	EndGlobalSection
	GlobalSection(SolutionProperties) = preSolution
		HideSolutionNode = FALSE
	EndGlobalSection
	GlobalSection(ExtensibilityGlobals) = postSolution
		SolutionGuid = {731B5551-FBB8-4A8B-B09F-0DB8477DDD71}
	EndGlobalSection
EndGlobal
